
Microsoft Visual Studio Solution File, Format Version 12.00
# Visual Studio Version 16
VisualStudioVersion = 16.0.30907.101
MinimumVisualStudioVersion = 10.0.40219.1
Project("{9A19103F-16F7-4668-BE54-9A1E7A4F7556}") = "BattleNumbers", "BattleNumbers.csproj", "{2CB7AB77-5501-4438-A926-13791E278499}"
EndProject
Project("{FAE04EC0-301F-11D3-BF4B-00C04F79EFBC}") = "SpriteData", "..\SpriteData\SpriteData.csproj", "{24F50588-DDC0-4A42-BF9A-37D76A6E7D27}"
EndProject
Global
	GlobalSection(SolutionConfigurationPlatforms) = preSolution
		Debug|Any CPU = Debug|Any CPU
		Release|Any CPU = Release|Any CPU
	EndGlobalSection
	GlobalSection(ProjectConfigurationPlatforms) = postSolution
		{2CB7AB77-5501-4438-A926-13791E278499}.Debug|Any CPU.ActiveCfg = Debug|Any CPU
		{2CB7AB77-5501-4438-A926-13791E278499}.Debug|Any CPU.Build.0 = Debug|Any CPU
		{2CB7AB77-5501-4438-A926-13791E278499}.Release|Any CPU.ActiveCfg = Release|Any CPU
		{2CB7AB77-5501-4438-A926-13791E278499}.Release|Any CPU.Build.0 = Release|Any CPU
		{24F50588-DDC0-4A42-BF9A-37D76A6E7D27}.Debug|Any CPU.ActiveCfg = Debug|Any CPU
		{24F50588-DDC0-4A42-BF9A-37D76A6E7D27}.Debug|Any CPU.Build.0 = Debug|Any CPU
		{24F50588-DDC0-4A42-BF9A-37D76A6E7D27}.Release|Any CPU.ActiveCfg = Release|Any CPU
		{24F50588-DDC0-4A42-BF9A-37D76A6E7D27}.Release|Any CPU.Build.0 = Release|Any CPU
	EndGlobalSection
	GlobalSection(SolutionProperties) = preSolution
		HideSolutionNode = FALSE
	EndGlobalSection
	GlobalSection(ExtensibilityGlobals) = postSolution
		SolutionGuid = {0B865124-ECF5-49DF-8EDE-2BF74846E1D9}
	EndGlobalSection
EndGlobal
